
Microsoft Visual Studio Solution File, Format Version 12.00
# Visual Studio 15
VisualStudioVersion = 15.0.28307.329
MinimumVisualStudioVersion = 10.0.40219.1
Project("{FAE04EC0-301F-11D3-BF4B-00C04F79EFBC}") = "GrayBlue_UWP_Core", "GrayBlue_UWP_Core\GrayBlue_UWP_Core.csproj", "{DA0C9DF5-5B52-4740-A7C7-5060BFEBEE06}"
EndProject
Project("{2150E333-8FDC-42A3-9474-1A3956D46DE8}") = "Solution Items", "Solution Items", "{615BED0F-0D55-4BED-A09B-9D184BDE284F}"
	ProjectSection(SolutionItems) = preProject
		.editorconfig = .editorconfig
	EndProjectSection
EndProject
Project("{FAE04EC0-301F-11D3-BF4B-00C04F79EFBC}") = "Shared", "Shared\Shared.csproj", "{D57274B1-67BB-448A-BC7F-7A6A64E0E545}"
EndProject
Project("{FAE04EC0-301F-11D3-BF4B-00C04F79EFBC}") = "UnityEditorPlaceholder", "UnityEditorPlaceholder\UnityEditorPlaceholder.csproj", "{A7B1C063-CC65-4874-9A96-EA523075022C}"
EndProject
Global
	GlobalSection(SolutionConfigurationPlatforms) = preSolution
		Debug|Any CPU = Debug|Any CPU
		Debug|ARM = Debug|ARM
		Debug|ARM64 = Debug|ARM64
		Debug|x64 = Debug|x64
		Debug|x86 = Debug|x86
		Release|Any CPU = Release|Any CPU
		Release|ARM = Release|ARM
		Release|ARM64 = Release|ARM64
		Release|x64 = Release|x64
		Release|x86 = Release|x86
	EndGlobalSection
	GlobalSection(ProjectConfigurationPlatforms) = postSolution
		{DA0C9DF5-5B52-4740-A7C7-5060BFEBEE06}.Debug|Any CPU.ActiveCfg = Debug|Any CPU
		{DA0C9DF5-5B52-4740-A7C7-5060BFEBEE06}.Debug|Any CPU.Build.0 = Debug|Any CPU
		{DA0C9DF5-5B52-4740-A7C7-5060BFEBEE06}.Debug|ARM.ActiveCfg = Debug|ARM
		{DA0C9DF5-5B52-4740-A7C7-5060BFEBEE06}.Debug|ARM.Build.0 = Debug|ARM
		{DA0C9DF5-5B52-4740-A7C7-5060BFEBEE06}.Debug|ARM64.ActiveCfg = Debug|ARM64
		{DA0C9DF5-5B52-4740-A7C7-5060BFEBEE06}.Debug|ARM64.Build.0 = Debug|ARM64
		{DA0C9DF5-5B52-4740-A7C7-5060BFEBEE06}.Debug|x64.ActiveCfg = Debug|x64
		{DA0C9DF5-5B52-4740-A7C7-5060BFEBEE06}.Debug|x64.Build.0 = Debug|x64
		{DA0C9DF5-5B52-4740-A7C7-5060BFEBEE06}.Debug|x86.ActiveCfg = Debug|x86
		{DA0C9DF5-5B52-4740-A7C7-5060BFEBEE06}.Debug|x86.Build.0 = Debug|x86
		{DA0C9DF5-5B52-4740-A7C7-5060BFEBEE06}.Release|Any CPU.ActiveCfg = Release|Any CPU
		{DA0C9DF5-5B52-4740-A7C7-5060BFEBEE06}.Release|Any CPU.Build.0 = Release|Any CPU
		{DA0C9DF5-5B52-4740-A7C7-5060BFEBEE06}.Release|ARM.ActiveCfg = Release|ARM
		{DA0C9DF5-5B52-4740-A7C7-5060BFEBEE06}.Release|ARM.Build.0 = Release|ARM
		{DA0C9DF5-5B52-4740-A7C7-5060BFEBEE06}.Release|ARM64.ActiveCfg = Release|ARM64
		{DA0C9DF5-5B52-4740-A7C7-5060BFEBEE06}.Release|ARM64.Build.0 = Release|ARM64
		{DA0C9DF5-5B52-4740-A7C7-5060BFEBEE06}.Release|x64.ActiveCfg = Release|x64
		{DA0C9DF5-5B52-4740-A7C7-5060BFEBEE06}.Release|x64.Build.0 = Release|x64
		{DA0C9DF5-5B52-4740-A7C7-5060BFEBEE06}.Release|x86.ActiveCfg = Release|x86
		{DA0C9DF5-5B52-4740-A7C7-5060BFEBEE06}.Release|x86.Build.0 = Release|x86
		{D57274B1-67BB-448A-BC7F-7A6A64E0E545}.Debug|Any CPU.ActiveCfg = Debug|Any CPU
		{D57274B1-67BB-448A-BC7F-7A6A64E0E545}.Debug|Any CPU.Build.0 = Debug|Any CPU
		{D57274B1-67BB-448A-BC7F-7A6A64E0E545}.Debug|ARM.ActiveCfg = Debug|Any CPU
		{D57274B1-67BB-448A-BC7F-7A6A64E0E545}.Debug|ARM.Build.0 = Debug|Any CPU
		{D57274B1-67BB-448A-BC7F-7A6A64E0E545}.Debug|ARM64.ActiveCfg = Debug|Any CPU
		{D57274B1-67BB-448A-BC7F-7A6A64E0E545}.Debug|ARM64.Build.0 = Debug|Any CPU
		{D57274B1-67BB-448A-BC7F-7A6A64E0E545}.Debug|x64.ActiveCfg = Debug|Any CPU
		{D57274B1-67BB-448A-BC7F-7A6A64E0E545}.Debug|x64.Build.0 = Debug|Any CPU
		{D57274B1-67BB-448A-BC7F-7A6A64E0E545}.Debug|x86.ActiveCfg = Debug|Any CPU
		{D57274B1-67BB-448A-BC7F-7A6A64E0E545}.Debug|x86.Build.0 = Debug|Any CPU
		{D57274B1-67BB-448A-BC7F-7A6A64E0E545}.Release|Any CPU.ActiveCfg = Release|Any CPU
		{D57274B1-67BB-448A-BC7F-7A6A64E0E545}.Release|Any CPU.Build.0 = Release|Any CPU
		{D57274B1-67BB-448A-BC7F-7A6A64E0E545}.Release|ARM.ActiveCfg = Release|Any CPU
		{D57274B1-67BB-448A-BC7F-7A6A64E0E545}.Release|ARM.Build.0 = Release|Any CPU
		{D57274B1-67BB-448A-BC7F-7A6A64E0E545}.Release|ARM64.ActiveCfg = Release|Any CPU
		{D57274B1-67BB-448A-BC7F-7A6A64E0E545}.Release|ARM64.Build.0 = Release|Any CPU
		{D57274B1-67BB-448A-BC7F-7A6A64E0E545}.Release|x64.ActiveCfg = Release|Any CPU
		{D57274B1-67BB-448A-BC7F-7A6A64E0E545}.Release|x64.Build.0 = Release|Any CPU
		{D57274B1-67BB-448A-BC7F-7A6A64E0E545}.Release|x86.ActiveCfg = Release|Any CPU
		{D57274B1-67BB-448A-BC7F-7A6A64E0E545}.Release|x86.Build.0 = Release|Any CPU
		{A7B1C063-CC65-4874-9A96-EA523075022C}.Debug|Any CPU.ActiveCfg = Debug|Any CPU
		{A7B1C063-CC65-4874-9A96-EA523075022C}.Debug|Any CPU.Build.0 = Debug|Any CPU
		{A7B1C063-CC65-4874-9A96-EA523075022C}.Debug|ARM.ActiveCfg = Debug|Any CPU
		{A7B1C063-CC65-4874-9A96-EA523075022C}.Debug|ARM.Build.0 = Debug|Any CPU
		{A7B1C063-CC65-4874-9A96-EA523075022C}.Debug|ARM64.ActiveCfg = Debug|Any CPU
		{A7B1C063-CC65-4874-9A96-EA523075022C}.Debug|ARM64.Build.0 = Debug|Any CPU
		{A7B1C063-CC65-4874-9A96-EA523075022C}.Debug|x64.ActiveCfg = Debug|Any CPU
		{A7B1C063-CC65-4874-9A96-EA523075022C}.Debug|x64.Build.0 = Debug|Any CPU
		{A7B1C063-CC65-4874-9A96-EA523075022C}.Debug|x86.ActiveCfg = Debug|Any CPU
		{A7B1C063-CC65-4874-9A96-EA523075022C}.Debug|x86.Build.0 = Debug|Any CPU
		{A7B1C063-CC65-4874-9A96-EA523075022C}.Release|Any CPU.ActiveCfg = Release|Any CPU
		{A7B1C063-CC65-4874-9A96-EA523075022C}.Release|Any CPU.Build.0 = Release|Any CPU
		{A7B1C063-CC65-4874-9A96-EA523075022C}.Release|ARM.ActiveCfg = Release|Any CPU
		{A7B1C063-CC65-4874-9A96-EA523075022C}.Release|ARM.Build.0 = Release|Any CPU
		{A7B1C063-CC65-4874-9A96-EA523075022C}.Release|ARM64.ActiveCfg = Release|Any CPU
		{A7B1C063-CC65-4874-9A96-EA523075022C}.Release|ARM64.Build.0 = Release|Any CPU
		{A7B1C063-CC65-4874-9A96-EA523075022C}.Release|x64.ActiveCfg = Release|Any CPU
		{A7B1C063-CC65-4874-9A96-EA523075022C}.Release|x64.Build.0 = Release|Any CPU
		{A7B1C063-CC65-4874-9A96-EA523075022C}.Release|x86.ActiveCfg = Release|Any CPU
		{A7B1C063-CC65-4874-9A96-EA523075022C}.Release|x86.Build.0 = Release|Any CPU
	EndGlobalSection
	GlobalSection(SolutionProperties) = preSolution
		HideSolutionNode = FALSE
	EndGlobalSection
	GlobalSection(ExtensibilityGlobals) = postSolution
		SolutionGuid = {6F815692-108A-43AF-BC87-B1416A505496}
	EndGlobalSection
EndGlobal
